
Microsoft Visual Studio Solution File, Format Version 12.00
# Visual Studio Version 16
VisualStudioVersion = 16.0.30104.148
MinimumVisualStudioVersion = 10.0.40219.1
Project("{FAE04EC0-301F-11D3-BF4B-00C04F79EFBC}") = "zadApi.Android", "zadApi\zadApi.Android\zadApi.Android.csproj", "{9628AE7F-ACCB-4754-BAA1-611A272BAD94}"
EndProject
Project("{FAE04EC0-301F-11D3-BF4B-00C04F79EFBC}") = "zadApi.iOS", "zadApi\zadApi.iOS\zadApi.iOS.csproj", "{4466B0F8-9675-41CD-B14E-AD326BC08A8D}"
EndProject
Project("{FAE04EC0-301F-11D3-BF4B-00C04F79EFBC}") = "zadApi.Web", "zadApi\zadApi.Web\zadApi.Web.csproj", "{8E6BF232-8B7E-4C4E-84B6-F0DDCBA04B48}"
EndProject
Project("{FAE04EC0-301F-11D3-BF4B-00C04F79EFBC}") = "zadApi", "zadApi\zadApi\zadApi.csproj", "{33022E0E-92D6-4037-9BD3-A55B7E9A1E64}"
EndProject
Global
	GlobalSection(SolutionConfigurationPlatforms) = preSolution
		Debug|Any CPU = Debug|Any CPU
		Debug|iPhone = Debug|iPhone
		Debug|iPhoneSimulator = Debug|iPhoneSimulator
		Release|Any CPU = Release|Any CPU
		Release|iPhone = Release|iPhone
		Release|iPhoneSimulator = Release|iPhoneSimulator
	EndGlobalSection
	GlobalSection(ProjectConfigurationPlatforms) = postSolution
		{9628AE7F-ACCB-4754-BAA1-611A272BAD94}.Debug|Any CPU.ActiveCfg = Debug|Any CPU
		{9628AE7F-ACCB-4754-BAA1-611A272BAD94}.Debug|Any CPU.Build.0 = Debug|Any CPU
		{9628AE7F-ACCB-4754-BAA1-611A272BAD94}.Debug|Any CPU.Deploy.0 = Debug|Any CPU
		{9628AE7F-ACCB-4754-BAA1-611A272BAD94}.Debug|iPhone.ActiveCfg = Debug|Any CPU
		{9628AE7F-ACCB-4754-BAA1-611A272BAD94}.Debug|iPhone.Build.0 = Debug|Any CPU
		{9628AE7F-ACCB-4754-BAA1-611A272BAD94}.Debug|iPhone.Deploy.0 = Debug|Any CPU
		{9628AE7F-ACCB-4754-BAA1-611A272BAD94}.Debug|iPhoneSimulator.ActiveCfg = Debug|Any CPU
		{9628AE7F-ACCB-4754-BAA1-611A272BAD94}.Debug|iPhoneSimulator.Build.0 = Debug|Any CPU
		{9628AE7F-ACCB-4754-BAA1-611A272BAD94}.Debug|iPhoneSimulator.Deploy.0 = Debug|Any CPU
		{9628AE7F-ACCB-4754-BAA1-611A272BAD94}.Release|Any CPU.ActiveCfg = Release|Any CPU
		{9628AE7F-ACCB-4754-BAA1-611A272BAD94}.Release|Any CPU.Build.0 = Release|Any CPU
		{9628AE7F-ACCB-4754-BAA1-611A272BAD94}.Release|Any CPU.Deploy.0 = Release|Any CPU
		{9628AE7F-ACCB-4754-BAA1-611A272BAD94}.Release|iPhone.ActiveCfg = Release|Any CPU
		{9628AE7F-ACCB-4754-BAA1-611A272BAD94}.Release|iPhone.Build.0 = Release|Any CPU
		{9628AE7F-ACCB-4754-BAA1-611A272BAD94}.Release|iPhone.Deploy.0 = Release|Any CPU
		{9628AE7F-ACCB-4754-BAA1-611A272BAD94}.Release|iPhoneSimulator.ActiveCfg = Release|Any CPU
		{9628AE7F-ACCB-4754-BAA1-611A272BAD94}.Release|iPhoneSimulator.Build.0 = Release|Any CPU
		{9628AE7F-ACCB-4754-BAA1-611A272BAD94}.Release|iPhoneSimulator.Deploy.0 = Release|Any CPU
		{4466B0F8-9675-41CD-B14E-AD326BC08A8D}.Debug|Any CPU.ActiveCfg = Debug|iPhone
		{4466B0F8-9675-41CD-B14E-AD326BC08A8D}.Debug|Any CPU.Build.0 = Debug|iPhone
		{4466B0F8-9675-41CD-B14E-AD326BC08A8D}.Debug|Any CPU.Deploy.0 = Debug|iPhone
		{4466B0F8-9675-41CD-B14E-AD326BC08A8D}.Debug|iPhone.ActiveCfg = Debug|iPhone
		{4466B0F8-9675-41CD-B14E-AD326BC08A8D}.Debug|iPhone.Build.0 = Debug|iPhone
		{4466B0F8-9675-41CD-B14E-AD326BC08A8D}.Debug|iPhone.Deploy.0 = Debug|iPhone
		{4466B0F8-9675-41CD-B14E-AD326BC08A8D}.Debug|iPhoneSimulator.ActiveCfg = Debug|iPhoneSimulator
		{4466B0F8-9675-41CD-B14E-AD326BC08A8D}.Debug|iPhoneSimulator.Build.0 = Debug|iPhoneSimulator
		{4466B0F8-9675-41CD-B14E-AD326BC08A8D}.Debug|iPhoneSimulator.Deploy.0 = Debug|iPhoneSimulator
		{4466B0F8-9675-41CD-B14E-AD326BC08A8D}.Release|Any CPU.ActiveCfg = Release|iPhone
		{4466B0F8-9675-41CD-B14E-AD326BC08A8D}.Release|Any CPU.Build.0 = Release|iPhone
		{4466B0F8-9675-41CD-B14E-AD326BC08A8D}.Release|Any CPU.Deploy.0 = Release|iPhone
		{4466B0F8-9675-41CD-B14E-AD326BC08A8D}.Release|iPhone.ActiveCfg = Release|iPhone
		{4466B0F8-9675-41CD-B14E-AD326BC08A8D}.Release|iPhone.Build.0 = Release|iPhone
		{4466B0F8-9675-41CD-B14E-AD326BC08A8D}.Release|iPhone.Deploy.0 = Release|iPhone
		{4466B0F8-9675-41CD-B14E-AD326BC08A8D}.Release|iPhoneSimulator.ActiveCfg = Release|iPhoneSimulator
		{4466B0F8-9675-41CD-B14E-AD326BC08A8D}.Release|iPhoneSimulator.Build.0 = Release|iPhoneSimulator
		{4466B0F8-9675-41CD-B14E-AD326BC08A8D}.Release|iPhoneSimulator.Deploy.0 = Release|iPhoneSimulator
		{8E6BF232-8B7E-4C4E-84B6-F0DDCBA04B48}.Debug|Any CPU.ActiveCfg = Debug|Any CPU
		{8E6BF232-8B7E-4C4E-84B6-F0DDCBA04B48}.Debug|Any CPU.Build.0 = Debug|Any CPU
		{8E6BF232-8B7E-4C4E-84B6-F0DDCBA04B48}.Debug|Any CPU.Deploy.0 = Debug|Any CPU
		{8E6BF232-8B7E-4C4E-84B6-F0DDCBA04B48}.Debug|iPhone.ActiveCfg = Debug|Any CPU
		{8E6BF232-8B7E-4C4E-84B6-F0DDCBA04B48}.Debug|iPhone.Build.0 = Debug|Any CPU
		{8E6BF232-8B7E-4C4E-84B6-F0DDCBA04B48}.Debug|iPhone.Deploy.0 = Debug|Any CPU
		{8E6BF232-8B7E-4C4E-84B6-F0DDCBA04B48}.Debug|iPhoneSimulator.ActiveCfg = Debug|Any CPU
		{8E6BF232-8B7E-4C4E-84B6-F0DDCBA04B48}.Debug|iPhoneSimulator.Build.0 = Debug|Any CPU
		{8E6BF232-8B7E-4C4E-84B6-F0DDCBA04B48}.Debug|iPhoneSimulator.Deploy.0 = Debug|Any CPU
		{8E6BF232-8B7E-4C4E-84B6-F0DDCBA04B48}.Release|Any CPU.ActiveCfg = Release|Any CPU
		{8E6BF232-8B7E-4C4E-84B6-F0DDCBA04B48}.Release|Any CPU.Build.0 = Release|Any CPU
		{8E6BF232-8B7E-4C4E-84B6-F0DDCBA04B48}.Release|Any CPU.Deploy.0 = Release|Any CPU
		{8E6BF232-8B7E-4C4E-84B6-F0DDCBA04B48}.Release|iPhone.ActiveCfg = Release|Any CPU
		{8E6BF232-8B7E-4C4E-84B6-F0DDCBA04B48}.Release|iPhone.Build.0 = Release|Any CPU
		{8E6BF232-8B7E-4C4E-84B6-F0DDCBA04B48}.Release|iPhone.Deploy.0 = Release|Any CPU
		{8E6BF232-8B7E-4C4E-84B6-F0DDCBA04B48}.Release|iPhoneSimulator.ActiveCfg = Release|Any CPU
		{8E6BF232-8B7E-4C4E-84B6-F0DDCBA04B48}.Release|iPhoneSimulator.Build.0 = Release|Any CPU
		{8E6BF232-8B7E-4C4E-84B6-F0DDCBA04B48}.Release|iPhoneSimulator.Deploy.0 = Release|Any CPU
		{33022E0E-92D6-4037-9BD3-A55B7E9A1E64}.Debug|Any CPU.ActiveCfg = Debug|Any CPU
		{33022E0E-92D6-4037-9BD3-A55B7E9A1E64}.Debug|Any CPU.Build.0 = Debug|Any CPU
		{33022E0E-92D6-4037-9BD3-A55B7E9A1E64}.Debug|Any CPU.Deploy.0 = Debug|Any CPU
		{33022E0E-92D6-4037-9BD3-A55B7E9A1E64}.Debug|iPhone.ActiveCfg = Debug|Any CPU
		{33022E0E-92D6-4037-9BD3-A55B7E9A1E64}.Debug|iPhone.Build.0 = Debug|Any CPU
		{33022E0E-92D6-4037-9BD3-A55B7E9A1E64}.Debug|iPhone.Deploy.0 = Debug|Any CPU
		{33022E0E-92D6-4037-9BD3-A55B7E9A1E64}.Debug|iPhoneSimulator.ActiveCfg = Debug|Any CPU
		{33022E0E-92D6-4037-9BD3-A55B7E9A1E64}.Debug|iPhoneSimulator.Build.0 = Debug|Any CPU
		{33022E0E-92D6-4037-9BD3-A55B7E9A1E64}.Debug|iPhoneSimulator.Deploy.0 = Debug|Any CPU
		{33022E0E-92D6-4037-9BD3-A55B7E9A1E64}.Release|Any CPU.ActiveCfg = Release|Any CPU
		{33022E0E-92D6-4037-9BD3-A55B7E9A1E64}.Release|Any CPU.Build.0 = Release|Any CPU
		{33022E0E-92D6-4037-9BD3-A55B7E9A1E64}.Release|Any CPU.Deploy.0 = Release|Any CPU
		{33022E0E-92D6-4037-9BD3-A55B7E9A1E64}.Release|iPhone.ActiveCfg = Release|Any CPU
		{33022E0E-92D6-4037-9BD3-A55B7E9A1E64}.Release|iPhone.Build.0 = Release|Any CPU
		{33022E0E-92D6-4037-9BD3-A55B7E9A1E64}.Release|iPhone.Deploy.0 = Release|Any CPU
		{33022E0E-92D6-4037-9BD3-A55B7E9A1E64}.Release|iPhoneSimulator.ActiveCfg = Release|Any CPU
		{33022E0E-92D6-4037-9BD3-A55B7E9A1E64}.Release|iPhoneSimulator.Build.0 = Release|Any CPU
		{33022E0E-92D6-4037-9BD3-A55B7E9A1E64}.Release|iPhoneSimulator.Deploy.0 = Release|Any CPU
	EndGlobalSection
	GlobalSection(SolutionProperties) = preSolution
		HideSolutionNode = FALSE
	EndGlobalSection
	GlobalSection(ExtensibilityGlobals) = postSolution
		SolutionGuid = {F172BEF9-6B43-468C-A253-48F30C748255}
	EndGlobalSection
EndGlobal
