
Microsoft Visual Studio Solution File, Format Version 12.00
# Visual Studio Version 16
VisualStudioVersion = 16.0.30104.148
MinimumVisualStudioVersion = 10.0.40219.1
Project("{FAE04EC0-301F-11D3-BF4B-00C04F79EFBC}") = "Projekt.Android", "Projekt\Projekt.Android\Projekt.Android.csproj", "{77D6D075-33AB-4B96-9B6E-9D455F624509}"
EndProject
Project("{FAE04EC0-301F-11D3-BF4B-00C04F79EFBC}") = "Projekt.iOS", "Projekt\Projekt.iOS\Projekt.iOS.csproj", "{A7AAEAE1-F280-48D5-9CB4-2F3D24626EDE}"
EndProject
Project("{FAE04EC0-301F-11D3-BF4B-00C04F79EFBC}") = "Projekt.Web", "Projekt\Projekt.Web\Projekt.Web.csproj", "{2EE9DD7A-9ACF-4B4C-9DBD-3FE503CFBC80}"
EndProject
Project("{FAE04EC0-301F-11D3-BF4B-00C04F79EFBC}") = "Projekt", "Projekt\Projekt\Projekt.csproj", "{5DF4B6DA-3683-43A3-8BB2-F241CE199DD2}"
EndProject
Global
	GlobalSection(SolutionConfigurationPlatforms) = preSolution
		Debug|Any CPU = Debug|Any CPU
		Debug|iPhone = Debug|iPhone
		Debug|iPhoneSimulator = Debug|iPhoneSimulator
		Release|Any CPU = Release|Any CPU
		Release|iPhone = Release|iPhone
		Release|iPhoneSimulator = Release|iPhoneSimulator
	EndGlobalSection
	GlobalSection(ProjectConfigurationPlatforms) = postSolution
		{77D6D075-33AB-4B96-9B6E-9D455F624509}.Debug|Any CPU.ActiveCfg = Debug|Any CPU
		{77D6D075-33AB-4B96-9B6E-9D455F624509}.Debug|Any CPU.Build.0 = Debug|Any CPU
		{77D6D075-33AB-4B96-9B6E-9D455F624509}.Debug|Any CPU.Deploy.0 = Debug|Any CPU
		{77D6D075-33AB-4B96-9B6E-9D455F624509}.Debug|iPhone.ActiveCfg = Debug|Any CPU
		{77D6D075-33AB-4B96-9B6E-9D455F624509}.Debug|iPhone.Build.0 = Debug|Any CPU
		{77D6D075-33AB-4B96-9B6E-9D455F624509}.Debug|iPhone.Deploy.0 = Debug|Any CPU
		{77D6D075-33AB-4B96-9B6E-9D455F624509}.Debug|iPhoneSimulator.ActiveCfg = Debug|Any CPU
		{77D6D075-33AB-4B96-9B6E-9D455F624509}.Debug|iPhoneSimulator.Build.0 = Debug|Any CPU
		{77D6D075-33AB-4B96-9B6E-9D455F624509}.Debug|iPhoneSimulator.Deploy.0 = Debug|Any CPU
		{77D6D075-33AB-4B96-9B6E-9D455F624509}.Release|Any CPU.ActiveCfg = Release|Any CPU
		{77D6D075-33AB-4B96-9B6E-9D455F624509}.Release|Any CPU.Build.0 = Release|Any CPU
		{77D6D075-33AB-4B96-9B6E-9D455F624509}.Release|Any CPU.Deploy.0 = Release|Any CPU
		{77D6D075-33AB-4B96-9B6E-9D455F624509}.Release|iPhone.ActiveCfg = Release|Any CPU
		{77D6D075-33AB-4B96-9B6E-9D455F624509}.Release|iPhone.Build.0 = Release|Any CPU
		{77D6D075-33AB-4B96-9B6E-9D455F624509}.Release|iPhone.Deploy.0 = Release|Any CPU
		{77D6D075-33AB-4B96-9B6E-9D455F624509}.Release|iPhoneSimulator.ActiveCfg = Release|Any CPU
		{77D6D075-33AB-4B96-9B6E-9D455F624509}.Release|iPhoneSimulator.Build.0 = Release|Any CPU
		{77D6D075-33AB-4B96-9B6E-9D455F624509}.Release|iPhoneSimulator.Deploy.0 = Release|Any CPU
		{A7AAEAE1-F280-48D5-9CB4-2F3D24626EDE}.Debug|Any CPU.ActiveCfg = Debug|iPhone
		{A7AAEAE1-F280-48D5-9CB4-2F3D24626EDE}.Debug|Any CPU.Build.0 = Debug|iPhone
		{A7AAEAE1-F280-48D5-9CB4-2F3D24626EDE}.Debug|Any CPU.Deploy.0 = Debug|iPhone
		{A7AAEAE1-F280-48D5-9CB4-2F3D24626EDE}.Debug|iPhone.ActiveCfg = Debug|iPhone
		{A7AAEAE1-F280-48D5-9CB4-2F3D24626EDE}.Debug|iPhone.Build.0 = Debug|iPhone
		{A7AAEAE1-F280-48D5-9CB4-2F3D24626EDE}.Debug|iPhone.Deploy.0 = Debug|iPhone
		{A7AAEAE1-F280-48D5-9CB4-2F3D24626EDE}.Debug|iPhoneSimulator.ActiveCfg = Debug|iPhoneSimulator
		{A7AAEAE1-F280-48D5-9CB4-2F3D24626EDE}.Debug|iPhoneSimulator.Build.0 = Debug|iPhoneSimulator
		{A7AAEAE1-F280-48D5-9CB4-2F3D24626EDE}.Debug|iPhoneSimulator.Deploy.0 = Debug|iPhoneSimulator
		{A7AAEAE1-F280-48D5-9CB4-2F3D24626EDE}.Release|Any CPU.ActiveCfg = Release|iPhone
		{A7AAEAE1-F280-48D5-9CB4-2F3D24626EDE}.Release|Any CPU.Build.0 = Release|iPhone
		{A7AAEAE1-F280-48D5-9CB4-2F3D24626EDE}.Release|Any CPU.Deploy.0 = Release|iPhone
		{A7AAEAE1-F280-48D5-9CB4-2F3D24626EDE}.Release|iPhone.ActiveCfg = Release|iPhone
		{A7AAEAE1-F280-48D5-9CB4-2F3D24626EDE}.Release|iPhone.Build.0 = Release|iPhone
		{A7AAEAE1-F280-48D5-9CB4-2F3D24626EDE}.Release|iPhone.Deploy.0 = Release|iPhone
		{A7AAEAE1-F280-48D5-9CB4-2F3D24626EDE}.Release|iPhoneSimulator.ActiveCfg = Release|iPhoneSimulator
		{A7AAEAE1-F280-48D5-9CB4-2F3D24626EDE}.Release|iPhoneSimulator.Build.0 = Release|iPhoneSimulator
		{A7AAEAE1-F280-48D5-9CB4-2F3D24626EDE}.Release|iPhoneSimulator.Deploy.0 = Release|iPhoneSimulator
		{2EE9DD7A-9ACF-4B4C-9DBD-3FE503CFBC80}.Debug|Any CPU.ActiveCfg = Debug|Any CPU
		{2EE9DD7A-9ACF-4B4C-9DBD-3FE503CFBC80}.Debug|Any CPU.Build.0 = Debug|Any CPU
		{2EE9DD7A-9ACF-4B4C-9DBD-3FE503CFBC80}.Debug|Any CPU.Deploy.0 = Debug|Any CPU
		{2EE9DD7A-9ACF-4B4C-9DBD-3FE503CFBC80}.Debug|iPhone.ActiveCfg = Debug|Any CPU
		{2EE9DD7A-9ACF-4B4C-9DBD-3FE503CFBC80}.Debug|iPhone.Build.0 = Debug|Any CPU
		{2EE9DD7A-9ACF-4B4C-9DBD-3FE503CFBC80}.Debug|iPhone.Deploy.0 = Debug|Any CPU
		{2EE9DD7A-9ACF-4B4C-9DBD-3FE503CFBC80}.Debug|iPhoneSimulator.ActiveCfg = Debug|Any CPU
		{2EE9DD7A-9ACF-4B4C-9DBD-3FE503CFBC80}.Debug|iPhoneSimulator.Build.0 = Debug|Any CPU
		{2EE9DD7A-9ACF-4B4C-9DBD-3FE503CFBC80}.Debug|iPhoneSimulator.Deploy.0 = Debug|Any CPU
		{2EE9DD7A-9ACF-4B4C-9DBD-3FE503CFBC80}.Release|Any CPU.ActiveCfg = Release|Any CPU
		{2EE9DD7A-9ACF-4B4C-9DBD-3FE503CFBC80}.Release|Any CPU.Build.0 = Release|Any CPU
		{2EE9DD7A-9ACF-4B4C-9DBD-3FE503CFBC80}.Release|Any CPU.Deploy.0 = Release|Any CPU
		{2EE9DD7A-9ACF-4B4C-9DBD-3FE503CFBC80}.Release|iPhone.ActiveCfg = Release|Any CPU
		{2EE9DD7A-9ACF-4B4C-9DBD-3FE503CFBC80}.Release|iPhone.Build.0 = Release|Any CPU
		{2EE9DD7A-9ACF-4B4C-9DBD-3FE503CFBC80}.Release|iPhone.Deploy.0 = Release|Any CPU
		{2EE9DD7A-9ACF-4B4C-9DBD-3FE503CFBC80}.Release|iPhoneSimulator.ActiveCfg = Release|Any CPU
		{2EE9DD7A-9ACF-4B4C-9DBD-3FE503CFBC80}.Release|iPhoneSimulator.Build.0 = Release|Any CPU
		{2EE9DD7A-9ACF-4B4C-9DBD-3FE503CFBC80}.Release|iPhoneSimulator.Deploy.0 = Release|Any CPU
		{5DF4B6DA-3683-43A3-8BB2-F241CE199DD2}.Debug|Any CPU.ActiveCfg = Debug|Any CPU
		{5DF4B6DA-3683-43A3-8BB2-F241CE199DD2}.Debug|Any CPU.Build.0 = Debug|Any CPU
		{5DF4B6DA-3683-43A3-8BB2-F241CE199DD2}.Debug|Any CPU.Deploy.0 = Debug|Any CPU
		{5DF4B6DA-3683-43A3-8BB2-F241CE199DD2}.Debug|iPhone.ActiveCfg = Debug|Any CPU
		{5DF4B6DA-3683-43A3-8BB2-F241CE199DD2}.Debug|iPhone.Build.0 = Debug|Any CPU
		{5DF4B6DA-3683-43A3-8BB2-F241CE199DD2}.Debug|iPhone.Deploy.0 = Debug|Any CPU
		{5DF4B6DA-3683-43A3-8BB2-F241CE199DD2}.Debug|iPhoneSimulator.ActiveCfg = Debug|Any CPU
		{5DF4B6DA-3683-43A3-8BB2-F241CE199DD2}.Debug|iPhoneSimulator.Build.0 = Debug|Any CPU
		{5DF4B6DA-3683-43A3-8BB2-F241CE199DD2}.Debug|iPhoneSimulator.Deploy.0 = Debug|Any CPU
		{5DF4B6DA-3683-43A3-8BB2-F241CE199DD2}.Release|Any CPU.ActiveCfg = Release|Any CPU
		{5DF4B6DA-3683-43A3-8BB2-F241CE199DD2}.Release|Any CPU.Build.0 = Release|Any CPU
		{5DF4B6DA-3683-43A3-8BB2-F241CE199DD2}.Release|Any CPU.Deploy.0 = Release|Any CPU
		{5DF4B6DA-3683-43A3-8BB2-F241CE199DD2}.Release|iPhone.ActiveCfg = Release|Any CPU
		{5DF4B6DA-3683-43A3-8BB2-F241CE199DD2}.Release|iPhone.Build.0 = Release|Any CPU
		{5DF4B6DA-3683-43A3-8BB2-F241CE199DD2}.Release|iPhone.Deploy.0 = Release|Any CPU
		{5DF4B6DA-3683-43A3-8BB2-F241CE199DD2}.Release|iPhoneSimulator.ActiveCfg = Release|Any CPU
		{5DF4B6DA-3683-43A3-8BB2-F241CE199DD2}.Release|iPhoneSimulator.Build.0 = Release|Any CPU
		{5DF4B6DA-3683-43A3-8BB2-F241CE199DD2}.Release|iPhoneSimulator.Deploy.0 = Release|Any CPU
	EndGlobalSection
	GlobalSection(SolutionProperties) = preSolution
		HideSolutionNode = FALSE
	EndGlobalSection
	GlobalSection(ExtensibilityGlobals) = postSolution
		SolutionGuid = {A1548098-A514-49A9-9C86-66EB6B9A3CDB}
	EndGlobalSection
EndGlobal
